
Microsoft Visual Studio Solution File, Format Version 12.00
# Visual Studio 14
VisualStudioVersion = 14.0.25420.1
MinimumVisualStudioVersion = 10.0.40219.1
Project("{FAE04EC0-301F-11D3-BF4B-00C04F79EFBC}") = "STUMS", "STUMS\STUMS.csproj", "{14A8DB7D-4D31-42BA-B2D8-0FA2153C6C50}"
EndProject
Project("{FAE04EC0-301F-11D3-BF4B-00C04F79EFBC}") = "STUMS_Models", "STUMS_Models\STUMS_Models.csproj", "{77DCC488-D649-45F4-A442-1044BF59B18C}"
EndProject
Project("{FAE04EC0-301F-11D3-BF4B-00C04F79EFBC}") = "STUMS_MQ", "STUMS_MQ\STUMS_MQ.csproj", "{30B7B505-4B7F-430E-B95F-008153FC59D9}"
EndProject
Project("{FAE04EC0-301F-11D3-BF4B-00C04F79EFBC}") = "STUMS_Helper", "STUMS_Helper\STUMS_Helper.csproj", "{1730FA5A-35BA-4EFC-89A2-6BC63D1A0FB7}"
EndProject
Project("{FAE04EC0-301F-11D3-BF4B-00C04F79EFBC}") = "STUMS_Redis", "STUMS_Redis\STUMS_Redis.csproj", "{7617D87C-8220-45E9-913F-012D546425A1}"
EndProject
Project("{FAE04EC0-301F-11D3-BF4B-00C04F79EFBC}") = "STUMS_DAL", "STUMS_DAL\STUMS_DAL.csproj", "{E62381ED-E293-4782-ABFB-95BA4507435A}"
EndProject
Project("{FAE04EC0-301F-11D3-BF4B-00C04F79EFBC}") = "STUMS_WebAPI_Caller", "STUMS_WebAPI_Caller\STUMS_WebAPI_Caller.csproj", "{26825635-2791-4ED0-9644-E1D2162081C4}"
EndProject
Global
	GlobalSection(SolutionConfigurationPlatforms) = preSolution
		Debug|Any CPU = Debug|Any CPU
		Release|Any CPU = Release|Any CPU
	EndGlobalSection
	GlobalSection(ProjectConfigurationPlatforms) = postSolution
		{14A8DB7D-4D31-42BA-B2D8-0FA2153C6C50}.Debug|Any CPU.ActiveCfg = Debug|Any CPU
		{14A8DB7D-4D31-42BA-B2D8-0FA2153C6C50}.Debug|Any CPU.Build.0 = Debug|Any CPU
		{14A8DB7D-4D31-42BA-B2D8-0FA2153C6C50}.Release|Any CPU.ActiveCfg = Release|Any CPU
		{14A8DB7D-4D31-42BA-B2D8-0FA2153C6C50}.Release|Any CPU.Build.0 = Release|Any CPU
		{77DCC488-D649-45F4-A442-1044BF59B18C}.Debug|Any CPU.ActiveCfg = Debug|Any CPU
		{77DCC488-D649-45F4-A442-1044BF59B18C}.Debug|Any CPU.Build.0 = Debug|Any CPU
		{77DCC488-D649-45F4-A442-1044BF59B18C}.Release|Any CPU.ActiveCfg = Release|Any CPU
		{77DCC488-D649-45F4-A442-1044BF59B18C}.Release|Any CPU.Build.0 = Release|Any CPU
		{30B7B505-4B7F-430E-B95F-008153FC59D9}.Debug|Any CPU.ActiveCfg = Debug|Any CPU
		{30B7B505-4B7F-430E-B95F-008153FC59D9}.Debug|Any CPU.Build.0 = Debug|Any CPU
		{30B7B505-4B7F-430E-B95F-008153FC59D9}.Release|Any CPU.ActiveCfg = Release|Any CPU
		{30B7B505-4B7F-430E-B95F-008153FC59D9}.Release|Any CPU.Build.0 = Release|Any CPU
		{1730FA5A-35BA-4EFC-89A2-6BC63D1A0FB7}.Debug|Any CPU.ActiveCfg = Debug|Any CPU
		{1730FA5A-35BA-4EFC-89A2-6BC63D1A0FB7}.Debug|Any CPU.Build.0 = Debug|Any CPU
		{1730FA5A-35BA-4EFC-89A2-6BC63D1A0FB7}.Release|Any CPU.ActiveCfg = Release|Any CPU
		{1730FA5A-35BA-4EFC-89A2-6BC63D1A0FB7}.Release|Any CPU.Build.0 = Release|Any CPU
		{7617D87C-8220-45E9-913F-012D546425A1}.Debug|Any CPU.ActiveCfg = Debug|Any CPU
		{7617D87C-8220-45E9-913F-012D546425A1}.Debug|Any CPU.Build.0 = Debug|Any CPU
		{7617D87C-8220-45E9-913F-012D546425A1}.Release|Any CPU.ActiveCfg = Release|Any CPU
		{7617D87C-8220-45E9-913F-012D546425A1}.Release|Any CPU.Build.0 = Release|Any CPU
		{E62381ED-E293-4782-ABFB-95BA4507435A}.Debug|Any CPU.ActiveCfg = Debug|Any CPU
		{E62381ED-E293-4782-ABFB-95BA4507435A}.Debug|Any CPU.Build.0 = Debug|Any CPU
		{E62381ED-E293-4782-ABFB-95BA4507435A}.Release|Any CPU.ActiveCfg = Release|Any CPU
		{E62381ED-E293-4782-ABFB-95BA4507435A}.Release|Any CPU.Build.0 = Release|Any CPU
		{26825635-2791-4ED0-9644-E1D2162081C4}.Debug|Any CPU.ActiveCfg = Debug|Any CPU
		{26825635-2791-4ED0-9644-E1D2162081C4}.Debug|Any CPU.Build.0 = Debug|Any CPU
		{26825635-2791-4ED0-9644-E1D2162081C4}.Release|Any CPU.ActiveCfg = Release|Any CPU
		{26825635-2791-4ED0-9644-E1D2162081C4}.Release|Any CPU.Build.0 = Release|Any CPU
	EndGlobalSection
	GlobalSection(SolutionProperties) = preSolution
		HideSolutionNode = FALSE
	EndGlobalSection
EndGlobal
